// !$*UTF8*$!
{
	archiveVersion = 1;
	classes = {
	};
	objectVersion = 46;
	objects = {

/* Begin PBXBuildFile section */
		21B97159191670D400824298 /* Foundation.framework in Frameworks */ = {isa = PBXBuildFile; fileRef = 21B97158191670D400824298 /* Foundation.framework */; };
		21B9715B191670D400824298 /* CoreGraphics.framework in Frameworks */ = {isa = PBXBuildFile; fileRef = 21B9715A191670D400824298 /* CoreGraphics.framework */; };
		21B9715D191670D400824298 /* UIKit.framework in Frameworks */ = {isa = PBXBuildFile; fileRef = 21B9715C191670D400824298 /* UIKit.framework */; };
		21B97163191670D400824298 /* InfoPlist.strings in Resources */ = {isa = PBXBuildFile; fileRef = 21B97161191670D400824298 /* InfoPlist.strings */; };
		21B97165191670D400824298 /* main.m in Sources */ = {isa = PBXBuildFile; fileRef = 21B97164191670D400824298 /* main.m */; };
		21B97169191670D400824298 /* AppDelegate.m in Sources */ = {isa = PBXBuildFile; fileRef = 21B97168191670D400824298 /* AppDelegate.m */; };
		21B9716C191670D400824298 /* Main_iPhone.storyboard in Resources */ = {isa = PBXBuildFile; fileRef = 21B9716A191670D400824298 /* Main_iPhone.storyboard */; };
		21B9716F191670D400824298 /* Main_iPad.storyboard in Resources */ = {isa = PBXBuildFile; fileRef = 21B9716D191670D400824298 /* Main_iPad.storyboard */; };
		21B97172191670D400824298 /* ViewController.m in Sources */ = {isa = PBXBuildFile; fileRef = 21B97171191670D400824298 /* ViewController.m */; };
		21B97174191670D400824298 /* Images.xcassets in Resources */ = {isa = PBXBuildFile; fileRef = 21B97173191670D400824298 /* Images.xcassets */; };
		21B9717B191670D400824298 /* XCTest.framework in Frameworks */ = {isa = PBXBuildFile; fileRef = 21B9717A191670D400824298 /* XCTest.framework */; };
		21B9717C191670D400824298 /* Foundation.framework in Frameworks */ = {isa = PBXBuildFile; fileRef = 21B97158191670D400824298 /* Foundation.framework */; };
		21B9717D191670D400824298 /* UIKit.framework in Frameworks */ = {isa = PBXBuildFile; fileRef = 21B9715C191670D400824298 /* UIKit.framework */; };
		21B97185191670D400824298 /* InfoPlist.strings in Resources */ = {isa = PBXBuildFile; fileRef = 21B97183191670D400824298 /* InfoPlist.strings */; };
		21B97187191670D400824298 /* StanfordCardGame1Tests.m in Sources */ = {isa = PBXBuildFile; fileRef = 21B97186191670D400824298 /* StanfordCardGame1Tests.m */; };
		21B971921916710600824298 /* Card.m in Sources */ = {isa = PBXBuildFile; fileRef = 21B971911916710600824298 /* Card.m */; };
		21B9719519174B6900824298 /* Deck.m in Sources */ = {isa = PBXBuildFile; fileRef = 21B9719419174B6900824298 /* Deck.m */; };
		21B971981917559C00824298 /* PlayingCard.m in Sources */ = {isa = PBXBuildFile; fileRef = 21B971971917559C00824298 /* PlayingCard.m */; };
		21B9719B1918DC8E00824298 /* PlayingCardDeck.m in Sources */ = {isa = PBXBuildFile; fileRef = 21B9719A1918DC8E00824298 /* PlayingCardDeck.m */; };
		21DB5CDC193225CF005ADAA0 /* CardMatchingGame.m in Sources */ = {isa = PBXBuildFile; fileRef = 21DB5CDB193225CF005ADAA0 /* CardMatchingGame.m */; };
/* End PBXBuildFile section */

/* Begin PBXContainerItemProxy section */
		21B9717E191670D400824298 /* PBXContainerItemProxy */ = {
			isa = PBXContainerItemProxy;
			containerPortal = 21B9714D191670D400824298 /* Project object */;
			proxyType = 1;
			remoteGlobalIDString = 21B97154191670D400824298;
			remoteInfo = StanfordCardGame1;
		};
/* End PBXContainerItemProxy section */

/* Begin PBXFileReference section */
		21B97155191670D400824298 /* StanfordCardGame1.app */ = {isa = PBXFileReference; explicitFileType = wrapper.application; includeInIndex = 0; path = StanfordCardGame1.app; sourceTree = BUILT_PRODUCTS_DIR; };
		21B97158191670D400824298 /* Foundation.framework */ = {isa = PBXFileReference; lastKnownFileType = wrapper.framework; name = Foundation.framework; path = System/Library/Frameworks/Foundation.framework; sourceTree = SDKROOT; };
		21B9715A191670D400824298 /* CoreGraphics.framework */ = {isa = PBXFileReference; lastKnownFileType = wrapper.framework; name = CoreGraphics.framework; path = System/Library/Frameworks/CoreGraphics.framework; sourceTree = SDKROOT; };
		21B9715C191670D400824298 /* UIKit.framework */ = {isa = PBXFileReference; lastKnownFileType = wrapper.framework; name = UIKit.framework; path = System/Library/Frameworks/UIKit.framework; sourceTree = SDKROOT; };
		21B97160191670D400824298 /* StanfordCardGame1-Info.plist */ = {isa = PBXFileReference; lastKnownFileType = text.plist.xml; path = "StanfordCardGame1-Info.plist"; sourceTree = "<group>"; };
		21B97162191670D400824298 /* en */ = {isa = PBXFileReference; lastKnownFileType = text.plist.strings; name = en; path = en.lproj/InfoPlist.strings; sourceTree = "<group>"; };
		21B97164191670D400824298 /* main.m */ = {isa = PBXFileReference; lastKnownFileType = sourcecode.c.objc; path = main.m; sourceTree = "<group>"; };
		21B97166191670D400824298 /* StanfordCardGame1-Prefix.pch */ = {isa = PBXFileReference; lastKnownFileType = sourcecode.c.h; path = "StanfordCardGame1-Prefix.pch"; sourceTree = "<group>"; };
		21B97167191670D400824298 /* AppDelegate.h */ = {isa = PBXFileReference; lastKnownFileType = sourcecode.c.h; path = AppDelegate.h; sourceTree = "<group>"; };
		21B97168191670D400824298 /* AppDelegate.m */ = {isa = PBXFileReference; lastKnownFileType = sourcecode.c.objc; path = AppDelegate.m; sourceTree = "<group>"; };
		21B9716B191670D400824298 /* Base */ = {isa = PBXFileReference; lastKnownFileType = file.storyboard; name = Base; path = Base.lproj/Main_iPhone.storyboard; sourceTree = "<group>"; };
		21B9716E191670D400824298 /* Base */ = {isa = PBXFileReference; lastKnownFileType = file.storyboard; name = Base; path = Base.lproj/Main_iPad.storyboard; sourceTree = "<group>"; };
		21B97170191670D400824298 /* ViewController.h */ = {isa = PBXFileReference; lastKnownFileType = sourcecode.c.h; path = ViewController.h; sourceTree = "<group>"; };
		21B97171191670D400824298 /* ViewController.m */ = {isa = PBXFileReference; lastKnownFileType = sourcecode.c.objc; path = ViewController.m; sourceTree = "<group>"; };
		21B97173191670D400824298 /* Images.xcassets */ = {isa = PBXFileReference; lastKnownFileType = folder.assetcatalog; path = Images.xcassets; sourceTree = "<group>"; };
		21B97179191670D400824298 /* StanfordCardGame1Tests.xctest */ = {isa = PBXFileReference; explicitFileType = wrapper.cfbundle; includeInIndex = 0; path = StanfordCardGame1Tests.xctest; sourceTree = BUILT_PRODUCTS_DIR; };
		21B9717A191670D400824298 /* XCTest.framework */ = {isa = PBXFileReference; lastKnownFileType = wrapper.framework; name = XCTest.framework; path = Library/Frameworks/XCTest.framework; sourceTree = DEVELOPER_DIR; };
		21B97182191670D400824298 /* StanfordCardGame1Tests-Info.plist */ = {isa = PBXFileReference; lastKnownFileType = text.plist.xml; path = "StanfordCardGame1Tests-Info.plist"; sourceTree = "<group>"; };
		21B97184191670D400824298 /* en */ = {isa = PBXFileReference; lastKnownFileType = text.plist.strings; name = en; path = en.lproj/InfoPlist.strings; sourceTree = "<group>"; };
		21B97186191670D400824298 /* StanfordCardGame1Tests.m */ = {isa = PBXFileReference; lastKnownFileType = sourcecode.c.objc; path = StanfordCardGame1Tests.m; sourceTree = "<group>"; };
		21B971901916710600824298 /* Card.h */ = {isa = PBXFileReference; fileEncoding = 4; lastKnownFileType = sourcecode.c.h; name = Card.h; path = ../Card.h; sourceTree = "<group>"; };
		21B971911916710600824298 /* Card.m */ = {isa = PBXFileReference; fileEncoding = 4; lastKnownFileType = sourcecode.c.objc; name = Card.m; path = ../Card.m; sourceTree = "<group>"; };
		21B9719319174B6900824298 /* Deck.h */ = {isa = PBXFileReference; fileEncoding = 4; lastKnownFileType = sourcecode.c.h; path = Deck.h; sourceTree = "<group>"; };
		21B9719419174B6900824298 /* Deck.m */ = {isa = PBXFileReference; fileEncoding = 4; lastKnownFileType = sourcecode.c.objc; path = Deck.m; sourceTree = "<group>"; };
		21B971961917559C00824298 /* PlayingCard.h */ = {isa = PBXFileReference; fileEncoding = 4; lastKnownFileType = sourcecode.c.h; path = PlayingCard.h; sourceTree = "<group>"; };
		21B971971917559C00824298 /* PlayingCard.m */ = {isa = PBXFileReference; fileEncoding = 4; lastKnownFileType = sourcecode.c.objc; path = PlayingCard.m; sourceTree = "<group>"; };
		21B971991918DC8E00824298 /* PlayingCardDeck.h */ = {isa = PBXFileReference; fileEncoding = 4; lastKnownFileType = sourcecode.c.h; path = PlayingCardDeck.h; sourceTree = "<group>"; };
		21B9719A1918DC8E00824298 /* PlayingCardDeck.m */ = {isa = PBXFileReference; fileEncoding = 4; lastKnownFileType = sourcecode.c.objc; path = PlayingCardDeck.m; sourceTree = "<group>"; };
		21DB5CDA193225CF005ADAA0 /* CardMatchingGame.h */ = {isa = PBXFileReference; fileEncoding = 4; lastKnownFileType = sourcecode.c.h; path = CardMatchingGame.h; sourceTree = "<group>"; };
		21DB5CDB193225CF005ADAA0 /* CardMatchingGame.m */ = {isa = PBXFileReference; fileEncoding = 4; lastKnownFileType = sourcecode.c.objc; path = CardMatchingGame.m; sourceTree = "<group>"; };
/* End PBXFileReference section */

/* Begin PBXFrameworksBuildPhase section */
		21B97152191670D400824298 /* Frameworks */ = {
			isa = PBXFrameworksBuildPhase;
			buildActionMask = 2147483647;
			files = (
				21B9715B191670D400824298 /* CoreGraphics.framework in Frameworks */,
				21B9715D191670D400824298 /* UIKit.framework in Frameworks */,
				21B97159191670D400824298 /* Foundation.framework in Frameworks */,
			);
			runOnlyForDeploymentPostprocessing = 0;
		};
		21B97176191670D400824298 /* Frameworks */ = {
			isa = PBXFrameworksBuildPhase;
			buildActionMask = 2147483647;
			files = (
				21B9717B191670D400824298 /* XCTest.framework in Frameworks */,
				21B9717D191670D400824298 /* UIKit.framework in Frameworks */,
				21B9717C191670D400824298 /* Foundation.framework in Frameworks */,
			);
			runOnlyForDeploymentPostprocessing = 0;
		};
/* End PBXFrameworksBuildPhase section */

/* Begin PBXGroup section */
		21B9714C191670D400824298 = {
			isa = PBXGroup;
			children = (
				21B9715E191670D400824298 /* StanfordCardGame1 */,
				21B97180191670D400824298 /* StanfordCardGame1Tests */,
				21B97157191670D400824298 /* Frameworks */,
				21B97156191670D400824298 /* Products */,
			);
			sourceTree = "<group>";
		};
		21B97156191670D400824298 /* Products */ = {
			isa = PBXGroup;
			children = (
				21B97155191670D400824298 /* StanfordCardGame1.app */,
				21B97179191670D400824298 /* StanfordCardGame1Tests.xctest */,
			);
			name = Products;
			sourceTree = "<group>";
		};
		21B97157191670D400824298 /* Frameworks */ = {
			isa = PBXGroup;
			children = (
				21B97158191670D400824298 /* Foundation.framework */,
				21B9715A191670D400824298 /* CoreGraphics.framework */,
				21B9715C191670D400824298 /* UIKit.framework */,
				21B9717A191670D400824298 /* XCTest.framework */,
			);
			name = Frameworks;
			sourceTree = "<group>";
		};
		21B9715E191670D400824298 /* StanfordCardGame1 */ = {
			isa = PBXGroup;
			children = (
				21B971901916710600824298 /* Card.h */,
				21B971911916710600824298 /* Card.m */,
				21B9719319174B6900824298 /* Deck.h */,
				21B9719419174B6900824298 /* Deck.m */,
				21B971961917559C00824298 /* PlayingCard.h */,
				21B971971917559C00824298 /* PlayingCard.m */,
				21B971991918DC8E00824298 /* PlayingCardDeck.h */,
				21B9719A1918DC8E00824298 /* PlayingCardDeck.m */,
				21B97167191670D400824298 /* AppDelegate.h */,
				21B97168191670D400824298 /* AppDelegate.m */,
				21B9716A191670D400824298 /* Main_iPhone.storyboard */,
				21B9716D191670D400824298 /* Main_iPad.storyboard */,
				21B97170191670D400824298 /* ViewController.h */,
				21B97171191670D400824298 /* ViewController.m */,
				21DB5CDA193225CF005ADAA0 /* CardMatchingGame.h */,
				21DB5CDB193225CF005ADAA0 /* CardMatchingGame.m */,
				21B97173191670D400824298 /* Images.xcassets */,
				21B9715F191670D400824298 /* Supporting Files */,
			);
			path = StanfordCardGame1;
			sourceTree = "<group>";
		};
		21B9715F191670D400824298 /* Supporting Files */ = {
			isa = PBXGroup;
			children = (
				21B97160191670D400824298 /* StanfordCardGame1-Info.plist */,
				21B97161191670D400824298 /* InfoPlist.strings */,
				21B97164191670D400824298 /* main.m */,
				21B97166191670D400824298 /* StanfordCardGame1-Prefix.pch */,
			);
			name = "Supporting Files";
			sourceTree = "<group>";
		};
		21B97180191670D400824298 /* StanfordCardGame1Tests */ = {
			isa = PBXGroup;
			children = (
				21B97186191670D400824298 /* StanfordCardGame1Tests.m */,
				21B97181191670D400824298 /* Supporting Files */,
			);
			path = StanfordCardGame1Tests;
			sourceTree = "<group>";
		};
		21B97181191670D400824298 /* Supporting Files */ = {
			isa = PBXGroup;
			children = (
				21B97182191670D400824298 /* StanfordCardGame1Tests-Info.plist */,
				21B97183191670D400824298 /* InfoPlist.strings */,
			);
			name = "Supporting Files";
			sourceTree = "<group>";
		};
/* End PBXGroup section */

/* Begin PBXNativeTarget section */
		21B97154191670D400824298 /* StanfordCardGame1 */ = {
			isa = PBXNativeTarget;
			buildConfigurationList = 21B9718A191670D400824298 /* Build configuration list for PBXNativeTarget "StanfordCardGame1" */;
			buildPhases = (
				21B97151191670D400824298 /* Sources */,
				21B97152191670D400824298 /* Frameworks */,
				21B97153191670D400824298 /* Resources */,
			);
			buildRules = (
			);
			dependencies = (
			);
			name = StanfordCardGame1;
			productName = StanfordCardGame1;
			productReference = 21B97155191670D400824298 /* StanfordCardGame1.app */;
			productType = "com.apple.product-type.application";
		};
		21B97178191670D400824298 /* StanfordCardGame1Tests */ = {
			isa = PBXNativeTarget;
			buildConfigurationList = 21B9718D191670D400824298 /* Build configuration list for PBXNativeTarget "StanfordCardGame1Tests" */;
			buildPhases = (
				21B97175191670D400824298 /* Sources */,
				21B97176191670D400824298 /* Frameworks */,
				21B97177191670D400824298 /* Resources */,
			);
			buildRules = (
			);
			dependencies = (
				21B9717F191670D400824298 /* PBXTargetDependency */,
			);
			name = StanfordCardGame1Tests;
			productName = StanfordCardGame1Tests;
			productReference = 21B97179191670D400824298 /* StanfordCardGame1Tests.xctest */;
			productType = "com.apple.product-type.bundle.unit-test";
		};
/* End PBXNativeTarget section */

/* Begin PBXProject section */
		21B9714D191670D400824298 /* Project object */ = {
			isa = PBXProject;
			attributes = {
				LastUpgradeCheck = 0510;
				ORGANIZATIONNAME = "Chung-Chan Wu";
				TargetAttributes = {
					21B97178191670D400824298 = {
						TestTargetID = 21B97154191670D400824298;
					};
				};
			};
			buildConfigurationList = 21B97150191670D400824298 /* Build configuration list for PBXProject "StanfordCardGame1" */;
			compatibilityVersion = "Xcode 3.2";
			developmentRegion = English;
			hasScannedForEncodings = 0;
			knownRegions = (
				en,
				Base,
			);
			mainGroup = 21B9714C191670D400824298;
			productRefGroup = 21B97156191670D400824298 /* Products */;
			projectDirPath = "";
			projectRoot = "";
			targets = (
				21B97154191670D400824298 /* StanfordCardGame1 */,
				21B97178191670D400824298 /* StanfordCardGame1Tests */,
			);
		};
/* End PBXProject section */

/* Begin PBXResourcesBuildPhase section */
		21B97153191670D400824298 /* Resources */ = {
			isa = PBXResourcesBuildPhase;
			buildActionMask = 2147483647;
			files = (
				21B9716F191670D400824298 /* Main_iPad.storyboard in Resources */,
				21B97174191670D400824298 /* Images.xcassets in Resources */,
				21B9716C191670D400824298 /* Main_iPhone.storyboard in Resources */,
				21B97163191670D400824298 /* InfoPlist.strings in Resources */,
			);
			runOnlyForDeploymentPostprocessing = 0;
		};
		21B97177191670D400824298 /* Resources */ = {
			isa = PBXResourcesBuildPhase;
			buildActionMask = 2147483647;
			files = (
				21B97185191670D400824298 /* InfoPlist.strings in Resources */,
			);
			runOnlyForDeploymentPostprocessing = 0;
		};
/* End PBXResourcesBuildPhase section */

/* Begin PBXSourcesBuildPhase section */
		21B97151191670D400824298 /* Sources */ = {
			isa = PBXSourcesBuildPhase;
			buildActionMask = 2147483647;
			files = (
				21B971981917559C00824298 /* PlayingCard.m in Sources */,
				21B9719519174B6900824298 /* Deck.m in Sources */,
				21B97172191670D400824298 /* ViewController.m in Sources */,
				21B97169191670D400824298 /* AppDelegate.m in Sources */,
				21DB5CDC193225CF005ADAA0 /* CardMatchingGame.m in Sources */,
				21B9719B1918DC8E00824298 /* PlayingCardDeck.m in Sources */,
				21B97165191670D400824298 /* main.m in Sources */,
				21B971921916710600824298 /* Card.m in Sources */,
			);
			runOnlyForDeploymentPostprocessing = 0;
		};
		21B97175191670D400824298 /* Sources */ = {
			isa = PBXSourcesBuildPhase;
			buildActionMask = 2147483647;
			files = (
				21B97187191670D400824298 /* StanfordCardGame1Tests.m in Sources */,
			);
			runOnlyForDeploymentPostprocessing = 0;
		};
/* End PBXSourcesBuildPhase section */

/* Begin PBXTargetDependency section */
		21B9717F191670D400824298 /* PBXTargetDependency */ = {
			isa = PBXTargetDependency;
			target = 21B97154191670D400824298 /* StanfordCardGame1 */;
			targetProxy = 21B9717E191670D400824298 /* PBXContainerItemProxy */;
		};
/* End PBXTargetDependency section */

/* Begin PBXVariantGroup section */
		21B97161191670D400824298 /* InfoPlist.strings */ = {
			isa = PBXVariantGroup;
			children = (
				21B97162191670D400824298 /* en */,
			);
			name = InfoPlist.strings;
			sourceTree = "<group>";
		};
		21B9716A191670D400824298 /* Main_iPhone.storyboard */ = {
			isa = PBXVariantGroup;
			children = (
				21B9716B191670D400824298 /* Base */,
			);
			name = Main_iPhone.storyboard;
			sourceTree = "<group>";
		};
		21B9716D191670D400824298 /* Main_iPad.storyboard */ = {
			isa = PBXVariantGroup;
			children = (
				21B9716E191670D400824298 /* Base */,
			);
			name = Main_iPad.storyboard;
			sourceTree = "<group>";
		};
		21B97183191670D400824298 /* InfoPlist.strings */ = {
			isa = PBXVariantGroup;
			children = (
				21B97184191670D400824298 /* en */,
			);
			name = InfoPlist.strings;
			sourceTree = "<group>";
		};
/* End PBXVariantGroup section */

/* Begin XCBuildConfiguration section */
		21B97188191670D400824298 /* Debug */ = {
			isa = XCBuildConfiguration;
			buildSettings = {
				ALWAYS_SEARCH_USER_PATHS = NO;
				CLANG_CXX_LANGUAGE_STANDARD = "gnu++0x";
				CLANG_CXX_LIBRARY = "libc++";
				CLANG_ENABLE_MODULES = YES;
				CLANG_ENABLE_OBJC_ARC = YES;
				CLANG_WARN_BOOL_CONVERSION = YES;
				CLANG_WARN_CONSTANT_CONVERSION = YES;
				CLANG_WARN_DIRECT_OBJC_ISA_USAGE = YES_ERROR;
				CLANG_WARN_EMPTY_BODY = YES;
				CLANG_WARN_ENUM_CONVERSION = YES;
				CLANG_WARN_INT_CONVERSION = YES;
				CLANG_WARN_OBJC_ROOT_CLASS = YES_ERROR;
				CLANG_WARN__DUPLICATE_METHOD_MATCH = YES;
				"CODE_SIGN_IDENTITY[sdk=iphoneos*]" = "iPhone Developer";
				COPY_PHASE_STRIP = NO;
				GCC_C_LANGUAGE_STANDARD = gnu99;
				GCC_DYNAMIC_NO_PIC = NO;
				GCC_OPTIMIZATION_LEVEL = 0;
				GCC_PREPROCESSOR_DEFINITIONS = (
					"DEBUG=1",
					"$(inherited)",
				);
				GCC_SYMBOLS_PRIVATE_EXTERN = NO;
				GCC_WARN_64_TO_32_BIT_CONVERSION = YES;
				GCC_WARN_ABOUT_RETURN_TYPE = YES_ERROR;
				GCC_WARN_UNDECLARED_SELECTOR = YES;
				GCC_WARN_UNINITIALIZED_AUTOS = YES_AGGRESSIVE;
				GCC_WARN_UNUSED_FUNCTION = YES;
				GCC_WARN_UNUSED_VARIABLE = YES;
				IPHONEOS_DEPLOYMENT_TARGET = 7.1;
				ONLY_ACTIVE_ARCH = YES;
				SDKROOT = iphoneos;
				TARGETED_DEVICE_FAMILY = "1,2";
			};
			name = Debug;
		};
		21B97189191670D400824298 /* Release */ = {
			isa = XCBuildConfiguration;
			buildSettings = {
				ALWAYS_SEARCH_USER_PATHS = NO;
				CLANG_CXX_LANGUAGE_STANDARD = "gnu++0x";
				CLANG_CXX_LIBRARY = "libc++";
				CLANG_ENABLE_MODULES = YES;
				CLANG_ENABLE_OBJC_ARC = YES;
				CLANG_WARN_BOOL_CONVERSION = YES;
				CLANG_WARN_CONSTANT_CONVERSION = YES;
				CLANG_WARN_DIRECT_OBJC_ISA_USAGE = YES_ERROR;
				CLANG_WARN_EMPTY_BODY = YES;
				CLANG_WARN_ENUM_CONVERSION = YES;
				CLANG_WARN_INT_CONVERSION = YES;
				CLANG_WARN_OBJC_ROOT_CLASS = YES_ERROR;
				CLANG_WARN__DUPLICATE_METHOD_MATCH = YES;
				"CODE_SIGN_IDENTITY[sdk=iphoneos*]" = "iPhone Developer";
				COPY_PHASE_STRIP = YES;
				ENABLE_NS_ASSERTIONS = NO;
				GCC_C_LANGUAGE_STANDARD = gnu99;
				GCC_WARN_64_TO_32_BIT_CONVERSION = YES;
				GCC_WARN_ABOUT_RETURN_TYPE = YES_ERROR;
				GCC_WARN_UNDECLARED_SELECTOR = YES;
				GCC_WARN_UNINITIALIZED_AUTOS = YES_AGGRESSIVE;
				GCC_WARN_UNUSED_FUNCTION = YES;
				GCC_WARN_UNUSED_VARIABLE = YES;
				IPHONEOS_DEPLOYMENT_TARGET = 7.1;
				SDKROOT = iphoneos;
				TARGETED_DEVICE_FAMILY = "1,2";
				VALIDATE_PRODUCT = YES;
			};
			name = Release;
		};
		21B9718B191670D400824298 /* Debug */ = {
			isa = XCBuildConfiguration;
			buildSettings = {
				ASSETCATALOG_COMPILER_APPICON_NAME = AppIcon;
				ASSETCATALOG_COMPILER_LAUNCHIMAGE_NAME = LaunchImage;
				GCC_PRECOMPILE_PREFIX_HEADER = YES;
				GCC_PREFIX_HEADER = "StanfordCardGame1/StanfordCardGame1-Prefix.pch";
				INFOPLIST_FILE = "StanfordCardGame1/StanfordCardGame1-Info.plist";
				PRODUCT_NAME = "$(TARGET_NAME)";
				WRAPPER_EXTENSION = app;
			};
			name = Debug;
		};
		21B9718C191670D400824298 /* Release */ = {
			isa = XCBuildConfiguration;
			buildSettings = {
				ASSETCATALOG_COMPILER_APPICON_NAME = AppIcon;
				ASSETCATALOG_COMPILER_LAUNCHIMAGE_NAME = LaunchImage;
				GCC_PRECOMPILE_PREFIX_HEADER = YES;
				GCC_PREFIX_HEADER = "StanfordCardGame1/StanfordCardGame1-Prefix.pch";
				INFOPLIST_FILE = "StanfordCardGame1/StanfordCardGame1-Info.plist";
				PRODUCT_NAME = "$(TARGET_NAME)";
				WRAPPER_EXTENSION = app;
			};
			name = Release;
		};
		21B9718E191670D400824298 /* Debug */ = {
			isa = XCBuildConfiguration;
			buildSettings = {
				BUNDLE_LOADER = "$(BUILT_PRODUCTS_DIR)/StanfordCardGame1.app/StanfordCardGame1";
				FRAMEWORK_SEARCH_PATHS = (
					"$(SDKROOT)/Developer/Library/Frameworks",
					"$(inherited)",
					"$(DEVELOPER_FRAMEWORKS_DIR)",
				);
				GCC_PRECOMPILE_PREFIX_HEADER = YES;
				GCC_PREFIX_HEADER = "StanfordCardGame1/StanfordCardGame1-Prefix.pch";
				GCC_PREPROCESSOR_DEFINITIONS = (
					"DEBUG=1",
					"$(inherited)",
				);
				INFOPLIST_FILE = "StanfordCardGame1Tests/StanfordCardGame1Tests-Info.plist";
				PRODUCT_NAME = "$(TARGET_NAME)";
				TEST_HOST = "$(BUNDLE_LOADER)";
				WRAPPER_EXTENSION = xctest;
			};
			name = Debug;
		};
		21B9718F191670D400824298 /* Release */ = {
			isa = XCBuildConfiguration;
			buildSettings = {
				BUNDLE_LOADER = "$(BUILT_PRODUCTS_DIR)/StanfordCardGame1.app/StanfordCardGame1";
				FRAMEWORK_SEARCH_PATHS = (
					"$(SDKROOT)/Developer/Library/Frameworks",
					"$(inherited)",
					"$(DEVELOPER_FRAMEWORKS_DIR)",
				);
				GCC_PRECOMPILE_PREFIX_HEADER = YES;
				GCC_PREFIX_HEADER = "StanfordCardGame1/StanfordCardGame1-Prefix.pch";
				INFOPLIST_FILE = "StanfordCardGame1Tests/StanfordCardGame1Tests-Info.plist";
				PRODUCT_NAME = "$(TARGET_NAME)";
				TEST_HOST = "$(BUNDLE_LOADER)";
				WRAPPER_EXTENSION = xctest;
			};
			name = Release;
		};
/* End XCBuildConfiguration section */

/* Begin XCConfigurationList section */
		21B97150191670D400824298 /* Build configuration list for PBXProject "StanfordCardGame1" */ = {
			isa = XCConfigurationList;
			buildConfigurations = (
				21B97188191670D400824298 /* Debug */,
				21B97189191670D400824298 /* Release */,
			);
			defaultConfigurationIsVisible = 0;
			defaultConfigurationName = Release;
		};
		21B9718A191670D400824298 /* Build configuration list for PBXNativeTarget "StanfordCardGame1" */ = {
			isa = XCConfigurationList;
			buildConfigurations = (
				21B9718B191670D400824298 /* Debug */,
				21B9718C191670D400824298 /* Release */,
			);
			defaultConfigurationIsVisible = 0;
			defaultConfigurationName = Release;
		};
		21B9718D191670D400824298 /* Build configuration list for PBXNativeTarget "StanfordCardGame1Tests" */ = {
			isa = XCConfigurationList;
			buildConfigurations = (
				21B9718E191670D400824298 /* Debug */,
				21B9718F191670D400824298 /* Release */,
			);
			defaultConfigurationIsVisible = 0;
			defaultConfigurationName = Release;
		};
/* End XCConfigurationList section */
	};
	rootObject = 21B9714D191670D400824298 /* Project object */;
}
